
Microsoft Visual Studio Solution File, Format Version 12.00
# Visual Studio Version 17
VisualStudioVersion = 17.7.34031.279
MinimumVisualStudioVersion = 10.0.40219.1
Project("{FAE04EC0-301F-11D3-BF4B-00C04F79EFBC}") = "TesteTecnicoBHs", "TesteTecnicoBHs\TesteTecnicoBHs.csproj", "{C0B665D7-6622-4416-A108-1B770B350E69}"
EndProject
Global
	GlobalSection(SolutionConfigurationPlatforms) = preSolution
		Debug|Any CPU = Debug|Any CPU
		Release|Any CPU = Release|Any CPU
	EndGlobalSection
	GlobalSection(ProjectConfigurationPlatforms) = postSolution
		{C0B665D7-6622-4416-A108-1B770B350E69}.Debug|Any CPU.ActiveCfg = Debug|Any CPU
		{C0B665D7-6622-4416-A108-1B770B350E69}.Debug|Any CPU.Build.0 = Debug|Any CPU
		{C0B665D7-6622-4416-A108-1B770B350E69}.Release|Any CPU.ActiveCfg = Release|Any CPU
		{C0B665D7-6622-4416-A108-1B770B350E69}.Release|Any CPU.Build.0 = Release|Any CPU
	EndGlobalSection
	GlobalSection(SolutionProperties) = preSolution
		HideSolutionNode = FALSE
	EndGlobalSection
	GlobalSection(ExtensibilityGlobals) = postSolution
		SolutionGuid = {375EF297-66AF-4924-B0C6-43CC9849DD1D}
	EndGlobalSection
EndGlobal
